version = 51
generated_at = "2026-06-27T04:24:04.588233500+00:00"

[collections.Tag]
table = "tags"

[[collections.Tag.fields]]
name = "id"
type = "text"
required = true
unique = false
computed = false
is_updatable = false
is_auto_generated = true
rust_type = "String"
sqlite_type = "TEXT PRIMARY KEY NOT NULL"

[[collections.Tag.fields]]
name = "name"
type = "text"
required = true
unique = true
computed = false
is_updatable = true
is_auto_generated = false
rust_type = "String"
sqlite_type = "TEXT NOT NULL"

[[collections.Tag.fields]]
name = "slug"
type = "text"
required = true
unique = true
computed = false
is_updatable = true
is_auto_generated = false
rust_type = "String"
sqlite_type = "TEXT NOT NULL"

[[collections.Tag.fields]]
name = "created_at"
type = "timestamp"
required = true
unique = false
computed = false
is_updatable = false
is_auto_generated = true
rust_type = "String"
sqlite_type = "TEXT NOT NULL DEFAULT (datetime('now'))"

[[collections.Tag.fields]]
name = "updated_at"
type = "timestamp"
required = true
unique = false
computed = false
is_updatable = false
is_auto_generated = true
rust_type = "String"
sqlite_type = "TEXT NOT NULL DEFAULT (datetime('now'))"

[[collections.Tag.fields]]
name = "deleted_at"
type = "timestamp"
required = false
unique = false
computed = false
is_updatable = false
is_auto_generated = true
rust_type = "Option<String>"
sqlite_type = "TEXT"

[collections.Category]
table = "categories"

[[collections.Category.fields]]
name = "id"
type = "text"
required = true
unique = false
computed = false
is_updatable = false
is_auto_generated = true
rust_type = "String"
sqlite_type = "TEXT PRIMARY KEY NOT NULL"

[[collections.Category.fields]]
name = "name"
type = "text"
required = true
unique = true
computed = false
is_updatable = true
is_auto_generated = false
rust_type = "String"
sqlite_type = "TEXT NOT NULL"

[[collections.Category.fields]]
name = "slug"
type = "text"
required = true
unique = true
computed = false
is_updatable = true
is_auto_generated = false
rust_type = "String"
sqlite_type = "TEXT NOT NULL"

[[collections.Category.fields]]
name = "description"
type = "richtext"
required = false
unique = false
computed = false
is_updatable = true
is_auto_generated = false
rust_type = "String"
sqlite_type = "TEXT"

[[collections.Category.fields]]
name = "parent_id"
type = "relation"
required = false
unique = false
computed = false
is_updatable = true
is_auto_generated = false
rust_type = "Option<String>"
sqlite_type = "TEXT"

[[collections.Category.fields]]
name = "created_at"
type = "timestamp"
required = true
unique = false
computed = false
is_updatable = false
is_auto_generated = true
rust_type = "String"
sqlite_type = "TEXT NOT NULL DEFAULT (datetime('now'))"

[[collections.Category.fields]]
name = "updated_at"
type = "timestamp"
required = true
unique = false
computed = false
is_updatable = false
is_auto_generated = true
rust_type = "String"
sqlite_type = "TEXT NOT NULL DEFAULT (datetime('now'))"

[[collections.Category.fields]]
name = "deleted_at"
type = "timestamp"
required = false
unique = false
computed = false
is_updatable = false
is_auto_generated = true
rust_type = "Option<String>"
sqlite_type = "TEXT"

[[collections.Category.fields]]
name = "sort_order"
type = "integer"
required = true
unique = false
computed = false
is_updatable = true
is_auto_generated = false
rust_type = "i64"
sqlite_type = "INTEGER NOT NULL DEFAULT 0"
